
Microsoft Visual Studio Solution File, Format Version 12.00
# Visual Studio 15
VisualStudioVersion = 15.0.26730.15
MinimumVisualStudioVersion = 10.0.40219.1
Project("{FAE04EC0-301F-11D3-BF4B-00C04F79EFBC}") = "MHOEC", "MHOEC\MHOEC.csproj", "{5EF4F554-FA3B-44C6-9C1F-32DCA0AFDF95}"
EndProject
Global
	GlobalSection(SolutionConfigurationPlatforms) = preSolution
		Debug|Any CPU = Debug|Any CPU
		Release|Any CPU = Release|Any CPU
	EndGlobalSection
	GlobalSection(ProjectConfigurationPlatforms) = postSolution
		{5EF4F554-FA3B-44C6-9C1F-32DCA0AFDF95}.Debug|Any CPU.ActiveCfg = Debug|Any CPU
		{5EF4F554-FA3B-44C6-9C1F-32DCA0AFDF95}.Debug|Any CPU.Build.0 = Debug|Any CPU
		{5EF4F554-FA3B-44C6-9C1F-32DCA0AFDF95}.Release|Any CPU.ActiveCfg = Release|Any CPU
		{5EF4F554-FA3B-44C6-9C1F-32DCA0AFDF95}.Release|Any CPU.Build.0 = Release|Any CPU
	EndGlobalSection
	GlobalSection(SolutionProperties) = preSolution
		HideSolutionNode = FALSE
	EndGlobalSection
	GlobalSection(ExtensibilityGlobals) = postSolution
		SolutionGuid = {C9A474B0-8552-4351-8796-8F56381243B0}
	EndGlobalSection
EndGlobal
